
Microsoft Visual Studio Solution File, Format Version 12.00
# Visual Studio Version 16
VisualStudioVersion = 16.0.29215.179
MinimumVisualStudioVersion = 10.0.40219.1
Project("{9A19103F-16F7-4668-BE54-9A1E7A4F7556}") = "AZippyFitness", "AZippyFitness.csproj", "{16459152-933D-4798-9090-F5A7AE75E7B0}"
EndProject
Global
	GlobalSection(SolutionConfigurationPlatforms) = preSolution
		Debug|Any CPU = Debug|Any CPU
		Release|Any CPU = Release|Any CPU
	EndGlobalSection
	GlobalSection(ProjectConfigurationPlatforms) = postSolution
		{16459152-933D-4798-9090-F5A7AE75E7B0}.Debug|Any CPU.ActiveCfg = Debug|Any CPU
		{16459152-933D-4798-9090-F5A7AE75E7B0}.Debug|Any CPU.Build.0 = Debug|Any CPU
		{16459152-933D-4798-9090-F5A7AE75E7B0}.Release|Any CPU.ActiveCfg = Release|Any CPU
		{16459152-933D-4798-9090-F5A7AE75E7B0}.Release|Any CPU.Build.0 = Release|Any CPU
	EndGlobalSection
	GlobalSection(SolutionProperties) = preSolution
		HideSolutionNode = FALSE
	EndGlobalSection
	GlobalSection(ExtensibilityGlobals) = postSolution
		SolutionGuid = {E2B66EB5-C29A-42B1-925B-DFDAA64A8405}
	EndGlobalSection
EndGlobal
